
Microsoft Visual Studio Solution File, Format Version 12.00
# Visual Studio Version 16
VisualStudioVersion = 16.0.29503.13
MinimumVisualStudioVersion = 10.0.40219.1
Project("{FAE04EC0-301F-11D3-BF4B-00C04F79EFBC}") = "SmartHome.API", "SmartHome.API\SmartHome.API.csproj", "{104E7618-56D5-4056-ABB0-4CCE477503BC}"
EndProject
Project("{FAE04EC0-301F-11D3-BF4B-00C04F79EFBC}") = "SmartHome.Data", "SmartHome.Data\SmartHome.Data.csproj", "{D1B30CCE-28E9-441F-B85B-20B78BE151CF}"
EndProject
Project("{FAE04EC0-301F-11D3-BF4B-00C04F79EFBC}") = "SmartHome.Model", "SmartHome.Model\SmartHome.Model.csproj", "{9C61B5BF-05E6-425D-B519-0E1A3AC23693}"
EndProject
Global
	GlobalSection(SolutionConfigurationPlatforms) = preSolution
		Debug|Any CPU = Debug|Any CPU
		Release|Any CPU = Release|Any CPU
	EndGlobalSection
	GlobalSection(ProjectConfigurationPlatforms) = postSolution
		{104E7618-56D5-4056-ABB0-4CCE477503BC}.Debug|Any CPU.ActiveCfg = Debug|Any CPU
		{104E7618-56D5-4056-ABB0-4CCE477503BC}.Debug|Any CPU.Build.0 = Debug|Any CPU
		{104E7618-56D5-4056-ABB0-4CCE477503BC}.Release|Any CPU.ActiveCfg = Release|Any CPU
		{104E7618-56D5-4056-ABB0-4CCE477503BC}.Release|Any CPU.Build.0 = Release|Any CPU
		{D1B30CCE-28E9-441F-B85B-20B78BE151CF}.Debug|Any CPU.ActiveCfg = Debug|Any CPU
		{D1B30CCE-28E9-441F-B85B-20B78BE151CF}.Debug|Any CPU.Build.0 = Debug|Any CPU
		{D1B30CCE-28E9-441F-B85B-20B78BE151CF}.Release|Any CPU.ActiveCfg = Release|Any CPU
		{D1B30CCE-28E9-441F-B85B-20B78BE151CF}.Release|Any CPU.Build.0 = Release|Any CPU
		{9C61B5BF-05E6-425D-B519-0E1A3AC23693}.Debug|Any CPU.ActiveCfg = Debug|Any CPU
		{9C61B5BF-05E6-425D-B519-0E1A3AC23693}.Debug|Any CPU.Build.0 = Debug|Any CPU
		{9C61B5BF-05E6-425D-B519-0E1A3AC23693}.Release|Any CPU.ActiveCfg = Release|Any CPU
		{9C61B5BF-05E6-425D-B519-0E1A3AC23693}.Release|Any CPU.Build.0 = Release|Any CPU
	EndGlobalSection
	GlobalSection(SolutionProperties) = preSolution
		HideSolutionNode = FALSE
	EndGlobalSection
	GlobalSection(ExtensibilityGlobals) = postSolution
		SolutionGuid = {C975AEDC-B7CD-4C59-B773-ADFADF1B8B2A}
	EndGlobalSection
EndGlobal
